dependencies:
- name: mysql
  repository: https://charts.bitnami.com/bitnami
  version: 8.6.3
- name: redis
  repository: https://charts.bitnami.com/bitnami
  version: 14.6.2
- name: rabbitmq
  repository: https://charts.bitnami.com/bitnami
  version: 8.16.0
- name: elasticsearch
  repository: https://charts.bitnami.com/bitnami
  version: 15.6.0
digest: sha256:fb3732490bf8292709736fb69b93b8acaa68a5002a54637e71ecc44401a5e23f
generated: "2021-06-28T16:15:59.601705-05:00"
