dependencies:
- name: mysql
  repository: https://kubernetes-charts.storage.googleapis.com
  version: 0.15.0
- name: redis
  repository: https://kubernetes-charts.storage.googleapis.com
  version: 6.4.5
- name: rabbitmq
  repository: https://kubernetes-charts.storage.googleapis.com
  version: 5.5.0
- name: elasticsearch
  repository: https://kubernetes-charts.storage.googleapis.com
  version: 1.21.3
digest: sha256:44979a8dd564a200c7229806bea5195632103b4bb31836518871eab4151b2855
generated: 2019-04-19T12:08:49.121213-05:00
