dependencies:
- name: mysql
  repository: https://kubernetes-charts.storage.googleapis.com
  version: 0.15.0
- name: redis
  repository: https://kubernetes-charts.storage.googleapis.com
  version: 6.4.5
- name: rabbitmq
  repository: https://kubernetes-charts.storage.googleapis.com
  version: 5.5.0
- name: elasticsearch
  repository: https://kubernetes-charts.storage.googleapis.com
  version: 1.13.3
digest: sha256:c4d4ff4601ba9b2ac87aeab40c7954300864a1867fda6f752dfbafa3a8564259
generated: 2019-04-25T13:28:05.464903-05:00
